// !$*UTF8*$!
{
	archiveVersion = 1;
	classes = {
	};
	objectVersion = 50;
	objects = {

/* Begin PBXBuildFile section */
		84688E7223930DD10030D0C0 /* AppDelegate.swift in Sources */ = {isa = PBXBuildFile; fileRef = 84688E7123930DD10030D0C0 /* AppDelegate.swift */; };
		84688E7423930DD10030D0C0 /* SceneDelegate.swift in Sources */ = {isa = PBXBuildFile; fileRef = 84688E7323930DD10030D0C0 /* SceneDelegate.swift */; };
		84688E7623930DD10030D0C0 /* ViewController.swift in Sources */ = {isa = PBXBuildFile; fileRef = 84688E7523930DD10030D0C0 /* ViewController.swift */; };
		84688E7923930DD10030D0C0 /* Main.storyboard in Resources */ = {isa = PBXBuildFile; fileRef = 84688E7723930DD10030D0C0 /* Main.storyboard */; };
		84688E7B23930DD30030D0C0 /* Assets.xcassets in Resources */ = {isa = PBXBuildFile; fileRef = 84688E7A23930DD30030D0C0 /* Assets.xcassets */; };
		84688E7E23930DD30030D0C0 /* LaunchScreen.storyboard in Resources */ = {isa = PBXBuildFile; fileRef = 84688E7C23930DD30030D0C0 /* LaunchScreen.storyboard */; };
		84688E8923930DD30030D0C0 /* trailTests.swift in Sources */ = {isa = PBXBuildFile; fileRef = 84688E8823930DD30030D0C0 /* trailTests.swift */; };
		84688E9423930DD30030D0C0 /* trailUITests.swift in Sources */ = {isa = PBXBuildFile; fileRef = 84688E9323930DD30030D0C0 /* trailUITests.swift */; };
/* End PBXBuildFile section */

/* Begin PBXContainerItemProxy section */
		84688E8523930DD30030D0C0 /* PBXContainerItemProxy */ = {
			isa = PBXContainerItemProxy;
			containerPortal = 84688E6623930DD10030D0C0 /* Project object */;
			proxyType = 1;
			remoteGlobalIDString = 84688E6D23930DD10030D0C0;
			remoteInfo = trail;
		};
		84688E9023930DD30030D0C0 /* PBXContainerItemProxy */ = {
			isa = PBXContainerItemProxy;
			containerPortal = 84688E6623930DD10030D0C0 /* Project object */;
			proxyType = 1;
			remoteGlobalIDString = 84688E6D23930DD10030D0C0;
			remoteInfo = trail;
		};
/* End PBXContainerItemProxy section */

/* Begin PBXFileReference section */
		84688E6E23930DD10030D0C0 /* trail.app */ = {isa = PBXFileReference; explicitFileType = wrapper.application; includeInIndex = 0; path = trail.app; sourceTree = BUILT_PRODUCTS_DIR; };
		84688E7123930DD10030D0C0 /* AppDelegate.swift */ = {isa = PBXFileReference; lastKnownFileType = sourcecode.swift; path = AppDelegate.swift; sourceTree = "<group>"; };
		84688E7323930DD10030D0C0 /* SceneDelegate.swift */ = {isa = PBXFileReference; lastKnownFileType = sourcecode.swift; path = SceneDelegate.swift; sourceTree = "<group>"; };
		84688E7523930DD10030D0C0 /* ViewController.swift */ = {isa = PBXFileReference; lastKnownFileType = sourcecode.swift; path = ViewController.swift; sourceTree = "<group>"; };
		84688E7823930DD10030D0C0 /* Base */ = {isa = PBXFileReference; lastKnownFileType = file.storyboard; name = Base; path = Base.lproj/Main.storyboard; sourceTree = "<group>"; };
		84688E7A23930DD30030D0C0 /* Assets.xcassets */ = {isa = PBXFileReference; lastKnownFileType = folder.assetcatalog; path = Assets.xcassets; sourceTree = "<group>"; };
		84688E7D23930DD30030D0C0 /* Base */ = {isa = PBXFileReference; lastKnownFileType = file.storyboard; name = Base; path = Base.lproj/LaunchScreen.storyboard; sourceTree = "<group>"; };
		84688E7F23930DD30030D0C0 /* Info.plist */ = {isa = PBXFileReference; lastKnownFileType = text.plist.xml; path = Info.plist; sourceTree = "<group>"; };
		84688E8423930DD30030D0C0 /* trailTests.xctest */ = {isa = PBXFileReference; explicitFileType = wrapper.cfbundle; includeInIndex = 0; path = trailTests.xctest; sourceTree = BUILT_PRODUCTS_DIR; };
		84688E8823930DD30030D0C0 /* trailTests.swift */ = {isa = PBXFileReference; lastKnownFileType = sourcecode.swift; path = trailTests.swift; sourceTree = "<group>"; };
		84688E8A23930DD30030D0C0 /* Info.plist */ = {isa = PBXFileReference; lastKnownFileType = text.plist.xml; path = Info.plist; sourceTree = "<group>"; };
		84688E8F23930DD30030D0C0 /* trailUITests.xctest */ = {isa = PBXFileReference; explicitFileType = wrapper.cfbundle; includeInIndex = 0; path = trailUITests.xctest; sourceTree = BUILT_PRODUCTS_DIR; };
		84688E9323930DD30030D0C0 /* trailUITests.swift */ = {isa = PBXFileReference; lastKnownFileType = sourcecode.swift; path = trailUITests.swift; sourceTree = "<group>"; };
		84688E9523930DD30030D0C0 /* Info.plist */ = {isa = PBXFileReference; lastKnownFileType = text.plist.xml; path = Info.plist; sourceTree = "<group>"; };
/* End PBXFileReference section */

/* Begin PBXFrameworksBuildPhase section */
		84688E6B23930DD10030D0C0 /* Frameworks */ = {
			isa = PBXFrameworksBuildPhase;
			buildActionMask = 2147483647;
			files = (
			);
			runOnlyForDeploymentPostprocessing = 0;
		};
		84688E8123930DD30030D0C0 /* Frameworks */ = {
			isa = PBXFrameworksBuildPhase;
			buildActionMask = 2147483647;
			files = (
			);
			runOnlyForDeploymentPostprocessing = 0;
		};
		84688E8C23930DD30030D0C0 /* Frameworks */ = {
			isa = PBXFrameworksBuildPhase;
			buildActionMask = 2147483647;
			files = (
			);
			runOnlyForDeploymentPostprocessing = 0;
		};
/* End PBXFrameworksBuildPhase section */

/* Begin PBXGroup section */
		84688E6523930DD10030D0C0 = {
			isa = PBXGroup;
			children = (
				84688E7023930DD10030D0C0 /* trail */,
				84688E8723930DD30030D0C0 /* trailTests */,
				84688E9223930DD30030D0C0 /* trailUITests */,
				84688E6F23930DD10030D0C0 /* Products */,
			);
			sourceTree = "<group>";
		};
		84688E6F23930DD10030D0C0 /* Products */ = {
			isa = PBXGroup;
			children = (
				84688E6E23930DD10030D0C0 /* trail.app */,
				84688E8423930DD30030D0C0 /* trailTests.xctest */,
				84688E8F23930DD30030D0C0 /* trailUITests.xctest */,
			);
			name = Products;
			sourceTree = "<group>";
		};
		84688E7023930DD10030D0C0 /* trail */ = {
			isa = PBXGroup;
			children = (
				84688E7123930DD10030D0C0 /* AppDelegate.swift */,
				84688E7323930DD10030D0C0 /* SceneDelegate.swift */,
				84688E7523930DD10030D0C0 /* ViewController.swift */,
				84688E7723930DD10030D0C0 /* Main.storyboard */,
				84688E7A23930DD30030D0C0 /* Assets.xcassets */,
				84688E7C23930DD30030D0C0 /* LaunchScreen.storyboard */,
				84688E7F23930DD30030D0C0 /* Info.plist */,
			);
			path = trail;
			sourceTree = "<group>";
		};
		84688E8723930DD30030D0C0 /* trailTests */ = {
			isa = PBXGroup;
			children = (
				84688E8823930DD30030D0C0 /* trailTests.swift */,
				84688E8A23930DD30030D0C0 /* Info.plist */,
			);
			path = trailTests;
			sourceTree = "<group>";
		};
		84688E9223930DD30030D0C0 /* trailUITests */ = {
			isa = PBXGroup;
			children = (
				84688E9323930DD30030D0C0 /* trailUITests.swift */,
				84688E9523930DD30030D0C0 /* Info.plist */,
			);
			path = trailUITests;
			sourceTree = "<group>";
		};
/* End PBXGroup section */

/* Begin PBXNativeTarget section */
		84688E6D23930DD10030D0C0 /* trail */ = {
			isa = PBXNativeTarget;
			buildConfigurationList = 84688E9823930DD30030D0C0 /* Build configuration list for PBXNativeTarget "trail" */;
			buildPhases = (
				84688E6A23930DD10030D0C0 /* Sources */,
				84688E6B23930DD10030D0C0 /* Frameworks */,
				84688E6C23930DD10030D0C0 /* Resources */,
			);
			buildRules = (
			);
			dependencies = (
			);
			name = trail;
			productName = trail;
			productReference = 84688E6E23930DD10030D0C0 /* trail.app */;
			productType = "com.apple.product-type.application";
		};
		84688E8323930DD30030D0C0 /* trailTests */ = {
			isa = PBXNativeTarget;
			buildConfigurationList = 84688E9B23930DD30030D0C0 /* Build configuration list for PBXNativeTarget "trailTests" */;
			buildPhases = (
				84688E8023930DD30030D0C0 /* Sources */,
				84688E8123930DD30030D0C0 /* Frameworks */,
				84688E8223930DD30030D0C0 /* Resources */,
			);
			buildRules = (
			);
			dependencies = (
				84688E8623930DD30030D0C0 /* PBXTargetDependency */,
			);
			name = trailTests;
			productName = trailTests;
			productReference = 84688E8423930DD30030D0C0 /* trailTests.xctest */;
			productType = "com.apple.product-type.bundle.unit-test";
		};
		84688E8E23930DD30030D0C0 /* trailUITests */ = {
			isa = PBXNativeTarget;
			buildConfigurationList = 84688E9E23930DD30030D0C0 /* Build configuration list for PBXNativeTarget "trailUITests" */;
			buildPhases = (
				84688E8B23930DD30030D0C0 /* Sources */,
				84688E8C23930DD30030D0C0 /* Frameworks */,
				84688E8D23930DD30030D0C0 /* Resources */,
			);
			buildRules = (
			);
			dependencies = (
				84688E9123930DD30030D0C0 /* PBXTargetDependency */,
			);
			name = trailUITests;
			productName = trailUITests;
			productReference = 84688E8F23930DD30030D0C0 /* trailUITests.xctest */;
			productType = "com.apple.product-type.bundle.ui-testing";
		};
/* End PBXNativeTarget section */

/* Begin PBXProject section */
		84688E6623930DD10030D0C0 /* Project object */ = {
			isa = PBXProject;
			attributes = {
				LastSwiftUpdateCheck = 1120;
				LastUpgradeCheck = 1120;
				ORGANIZATIONNAME = admin;
				TargetAttributes = {
					84688E6D23930DD10030D0C0 = {
						CreatedOnToolsVersion = 11.2.1;
					};
					84688E8323930DD30030D0C0 = {
						CreatedOnToolsVersion = 11.2.1;
						TestTargetID = 84688E6D23930DD10030D0C0;
					};
					84688E8E23930DD30030D0C0 = {
						CreatedOnToolsVersion = 11.2.1;
						TestTargetID = 84688E6D23930DD10030D0C0;
					};
				};
			};
			buildConfigurationList = 84688E6923930DD10030D0C0 /* Build configuration list for PBXProject "trail" */;
			compatibilityVersion = "Xcode 9.3";
			developmentRegion = en;
			hasScannedForEncodings = 0;
			knownRegions = (
				en,
				Base,
			);
			mainGroup = 84688E6523930DD10030D0C0;
			productRefGroup = 84688E6F23930DD10030D0C0 /* Products */;
			projectDirPath = "";
			projectRoot = "";
			targets = (
				84688E6D23930DD10030D0C0 /* trail */,
				84688E8323930DD30030D0C0 /* trailTests */,
				84688E8E23930DD30030D0C0 /* trailUITests */,
			);
		};
/* End PBXProject section */

/* Begin PBXResourcesBuildPhase section */
		84688E6C23930DD10030D0C0 /* Resources */ = {
			isa = PBXResourcesBuildPhase;
			buildActionMask = 2147483647;
			files = (
				84688E7E23930DD30030D0C0 /* LaunchScreen.storyboard in Resources */,
				84688E7B23930DD30030D0C0 /* Assets.xcassets in Resources */,
				84688E7923930DD10030D0C0 /* Main.storyboard in Resources */,
			);
			runOnlyForDeploymentPostprocessing = 0;
		};
		84688E8223930DD30030D0C0 /* Resources */ = {
			isa = PBXResourcesBuildPhase;
			buildActionMask = 2147483647;
			files = (
			);
			runOnlyForDeploymentPostprocessing = 0;
		};
		84688E8D23930DD30030D0C0 /* Resources */ = {
			isa = PBXResourcesBuildPhase;
			buildActionMask = 2147483647;
			files = (
			);
			runOnlyForDeploymentPostprocessing = 0;
		};
/* End PBXResourcesBuildPhase section */

/* Begin PBXSourcesBuildPhase section */
		84688E6A23930DD10030D0C0 /* Sources */ = {
			isa = PBXSourcesBuildPhase;
			buildActionMask = 2147483647;
			files = (
				84688E7623930DD10030D0C0 /* ViewController.swift in Sources */,
				84688E7223930DD10030D0C0 /* AppDelegate.swift in Sources */,
				84688E7423930DD10030D0C0 /* SceneDelegate.swift in Sources */,
			);
			runOnlyForDeploymentPostprocessing = 0;
		};
		84688E8023930DD30030D0C0 /* Sources */ = {
			isa = PBXSourcesBuildPhase;
			buildActionMask = 2147483647;
			files = (
				84688E8923930DD30030D0C0 /* trailTests.swift in Sources */,
			);
			runOnlyForDeploymentPostprocessing = 0;
		};
		84688E8B23930DD30030D0C0 /* Sources */ = {
			isa = PBXSourcesBuildPhase;
			buildActionMask = 2147483647;
			files = (
				84688E9423930DD30030D0C0 /* trailUITests.swift in Sources */,
			);
			runOnlyForDeploymentPostprocessing = 0;
		};
/* End PBXSourcesBuildPhase section */

/* Begin PBXTargetDependency section */
		84688E8623930DD30030D0C0 /* PBXTargetDependency */ = {
			isa = PBXTargetDependency;
			target = 84688E6D23930DD10030D0C0 /* trail */;
			targetProxy = 84688E8523930DD30030D0C0 /* PBXContainerItemProxy */;
		};
		84688E9123930DD30030D0C0 /* PBXTargetDependency */ = {
			isa = PBXTargetDependency;
			target = 84688E6D23930DD10030D0C0 /* trail */;
			targetProxy = 84688E9023930DD30030D0C0 /* PBXContainerItemProxy */;
		};
/* End PBXTargetDependency section */

/* Begin PBXVariantGroup section */
		84688E7723930DD10030D0C0 /* Main.storyboard */ = {
			isa = PBXVariantGroup;
			children = (
				84688E7823930DD10030D0C0 /* Base */,
			);
			name = Main.storyboard;
			sourceTree = "<group>";
		};
		84688E7C23930DD30030D0C0 /* LaunchScreen.storyboard */ = {
			isa = PBXVariantGroup;
			children = (
				84688E7D23930DD30030D0C0 /* Base */,
			);
			name = LaunchScreen.storyboard;
			sourceTree = "<group>";
		};
/* End PBXVariantGroup section */

/* Begin XCBuildConfiguration section */
		84688E9623930DD30030D0C0 /* Debug */ = {
			isa = XCBuildConfiguration;
			buildSettings = {
				ALWAYS_SEARCH_USER_PATHS = NO;
				CLANG_ANALYZER_NONNULL = YES;
				CLANG_ANALYZER_NUMBER_OBJECT_CONVERSION = YES_AGGRESSIVE;
				CLANG_CXX_LANGUAGE_STANDARD = "gnu++14";
				CLANG_CXX_LIBRARY = "libc++";
				CLANG_ENABLE_MODULES = YES;
				CLANG_ENABLE_OBJC_ARC = YES;
				CLANG_ENABLE_OBJC_WEAK = YES;
				CLANG_WARN_BLOCK_CAPTURE_AUTORELEASING = YES;
				CLANG_WARN_BOOL_CONVERSION = YES;
				CLANG_WARN_COMMA = YES;
				CLANG_WARN_CONSTANT_CONVERSION = YES;
				CLANG_WARN_DEPRECATED_OBJC_IMPLEMENTATIONS = YES;
				CLANG_WARN_DIRECT_OBJC_ISA_USAGE = YES_ERROR;
				CLANG_WARN_DOCUMENTATION_COMMENTS = YES;
				CLANG_WARN_EMPTY_BODY = YES;
				CLANG_WARN_ENUM_CONVERSION = YES;
				CLANG_WARN_INFINITE_RECURSION = YES;
				CLANG_WARN_INT_CONVERSION = YES;
				CLANG_WARN_NON_LITERAL_NULL_CONVERSION = YES;
				CLANG_WARN_OBJC_IMPLICIT_RETAIN_SELF = YES;
				CLANG_WARN_OBJC_LITERAL_CONVERSION = YES;
				CLANG_WARN_OBJC_ROOT_CLASS = YES_ERROR;
				CLANG_WARN_RANGE_LOOP_ANALYSIS = YES;
				CLANG_WARN_STRICT_PROTOTYPES = YES;
				CLANG_WARN_SUSPICIOUS_MOVE = YES;
				CLANG_WARN_UNGUARDED_AVAILABILITY = YES_AGGRESSIVE;
				CLANG_WARN_UNREACHABLE_CODE = YES;
				CLANG_WARN__DUPLICATE_METHOD_MATCH = YES;
				COPY_PHASE_STRIP = NO;
				DEBUG_INFORMATION_FORMAT = dwarf;
				ENABLE_STRICT_OBJC_MSGSEND = YES;
				ENABLE_TESTABILITY = YES;
				GCC_C_LANGUAGE_STANDARD = gnu11;
				GCC_DYNAMIC_NO_PIC = NO;
				GCC_NO_COMMON_BLOCKS = YES;
				GCC_OPTIMIZATION_LEVEL = 0;
				GCC_PREPROCESSOR_DEFINITIONS = (
					"DEBUG=1",
					"$(inherited)",
				);
				GCC_WARN_64_TO_32_BIT_CONVERSION = YES;
				GCC_WARN_ABOUT_RETURN_TYPE = YES_ERROR;
				GCC_WARN_UNDECLARED_SELECTOR = YES;
				GCC_WARN_UNINITIALIZED_AUTOS = YES_AGGRESSIVE;
				GCC_WARN_UNUSED_FUNCTION = YES;
				GCC_WARN_UNUSED_VARIABLE = YES;
				IPHONEOS_DEPLOYMENT_TARGET = 13.2;
				MTL_ENABLE_DEBUG_INFO = INCLUDE_SOURCE;
				MTL_FAST_MATH = YES;
				ONLY_ACTIVE_ARCH = YES;
				SDKROOT = iphoneos;
				SWIFT_ACTIVE_COMPILATION_CONDITIONS = DEBUG;
				SWIFT_OPTIMIZATION_LEVEL = "-Onone";
			};
			name = Debug;
		};
		84688E9723930DD30030D0C0 /* Release */ = {
			isa = XCBuildConfiguration;
			buildSettings = {
				ALWAYS_SEARCH_USER_PATHS = NO;
				CLANG_ANALYZER_NONNULL = YES;
				CLANG_ANALYZER_NUMBER_OBJECT_CONVERSION = YES_AGGRESSIVE;
				CLANG_CXX_LANGUAGE_STANDARD = "gnu++14";
				CLANG_CXX_LIBRARY = "libc++";
				CLANG_ENABLE_MODULES = YES;
				CLANG_ENABLE_OBJC_ARC = YES;
				CLANG_ENABLE_OBJC_WEAK = YES;
				CLANG_WARN_BLOCK_CAPTURE_AUTORELEASING = YES;
				CLANG_WARN_BOOL_CONVERSION = YES;
				CLANG_WARN_COMMA = YES;
				CLANG_WARN_CONSTANT_CONVERSION = YES;
				CLANG_WARN_DEPRECATED_OBJC_IMPLEMENTATIONS = YES;
				CLANG_WARN_DIRECT_OBJC_ISA_USAGE = YES_ERROR;
				CLANG_WARN_DOCUMENTATION_COMMENTS = YES;
				CLANG_WARN_EMPTY_BODY = YES;
				CLANG_WARN_ENUM_CONVERSION = YES;
				CLANG_WARN_INFINITE_RECURSION = YES;
				CLANG_WARN_INT_CONVERSION = YES;
				CLANG_WARN_NON_LITERAL_NULL_CONVERSION = YES;
				CLANG_WARN_OBJC_IMPLICIT_RETAIN_SELF = YES;
				CLANG_WARN_OBJC_LITERAL_CONVERSION = YES;
				CLANG_WARN_OBJC_ROOT_CLASS = YES_ERROR;
				CLANG_WARN_RANGE_LOOP_ANALYSIS = YES;
				CLANG_WARN_STRICT_PROTOTYPES = YES;
				CLANG_WARN_SUSPICIOUS_MOVE = YES;
				CLANG_WARN_UNGUARDED_AVAILABILITY = YES_AGGRESSIVE;
				CLANG_WARN_UNREACHABLE_CODE = YES;
				CLANG_WARN__DUPLICATE_METHOD_MATCH = YES;
				COPY_PHASE_STRIP = NO;
				DEBUG_INFORMATION_FORMAT = "dwarf-with-dsym";
				ENABLE_NS_ASSERTIONS = NO;
				ENABLE_STRICT_OBJC_MSGSEND = YES;
				GCC_C_LANGUAGE_STANDARD = gnu11;
				GCC_NO_COMMON_BLOCKS = YES;
				GCC_WARN_64_TO_32_BIT_CONVERSION = YES;
				GCC_WARN_ABOUT_RETURN_TYPE = YES_ERROR;
				GCC_WARN_UNDECLARED_SELECTOR = YES;
				GCC_WARN_UNINITIALIZED_AUTOS = YES_AGGRESSIVE;
				GCC_WARN_UNUSED_FUNCTION = YES;
				GCC_WARN_UNUSED_VARIABLE = YES;
				IPHONEOS_DEPLOYMENT_TARGET = 13.2;
				MTL_ENABLE_DEBUG_INFO = NO;
				MTL_FAST_MATH = YES;
				SDKROOT = iphoneos;
				SWIFT_COMPILATION_MODE = wholemodule;
				SWIFT_OPTIMIZATION_LEVEL = "-O";
				VALIDATE_PRODUCT = YES;
			};
			name = Release;
		};
		84688E9923930DD30030D0C0 /* Debug */ = {
			isa = XCBuildConfiguration;
			buildSettings = {
				ASSETCATALOG_COMPILER_APPICON_NAME = AppIcon;
				CODE_SIGN_STYLE = Automatic;
				INFOPLIST_FILE = trail/Info.plist;
				LD_RUNPATH_SEARCH_PATHS = (
					"$(inherited)",
					"@executable_path/Frameworks",
				);
				PRODUCT_BUNDLE_IDENTIFIER = Miru.trail;
				PRODUCT_NAME = "$(TARGET_NAME)";
				SWIFT_VERSION = 5.0;
				TARGETED_DEVICE_FAMILY = "1,2";
			};
			name = Debug;
		};
		84688E9A23930DD30030D0C0 /* Release */ = {
			isa = XCBuildConfiguration;
			buildSettings = {
				ASSETCATALOG_COMPILER_APPICON_NAME = AppIcon;
				CODE_SIGN_STYLE = Automatic;
				INFOPLIST_FILE = trail/Info.plist;
				LD_RUNPATH_SEARCH_PATHS = (
					"$(inherited)",
					"@executable_path/Frameworks",
				);
				PRODUCT_BUNDLE_IDENTIFIER = Miru.trail;
				PRODUCT_NAME = "$(TARGET_NAME)";
				SWIFT_VERSION = 5.0;
				TARGETED_DEVICE_FAMILY = "1,2";
			};
			name = Release;
		};
		84688E9C23930DD30030D0C0 /* Debug */ = {
			isa = XCBuildConfiguration;
			buildSettings = {
				ALWAYS_EMBED_SWIFT_STANDARD_LIBRARIES = YES;
				BUNDLE_LOADER = "$(TEST_HOST)";
				CODE_SIGN_STYLE = Automatic;
				INFOPLIST_FILE = trailTests/Info.plist;
				IPHONEOS_DEPLOYMENT_TARGET = 13.2;
				LD_RUNPATH_SEARCH_PATHS = (
					"$(inherited)",
					"@executable_path/Frameworks",
					"@loader_path/Frameworks",
				);
				PRODUCT_BUNDLE_IDENTIFIER = Miru.trailTests;
				PRODUCT_NAME = "$(TARGET_NAME)";
				SWIFT_VERSION = 5.0;
				TARGETED_DEVICE_FAMILY = "1,2";
				TEST_HOST = "$(BUILT_PRODUCTS_DIR)/trail.app/trail";
			};
			name = Debug;
		};
		84688E9D23930DD30030D0C0 /* Release */ = {
			isa = XCBuildConfiguration;
			buildSettings = {
				ALWAYS_EMBED_SWIFT_STANDARD_LIBRARIES = YES;
				BUNDLE_LOADER = "$(TEST_HOST)";
				CODE_SIGN_STYLE = Automatic;
				INFOPLIST_FILE = trailTests/Info.plist;
				IPHONEOS_DEPLOYMENT_TARGET = 13.2;
				LD_RUNPATH_SEARCH_PATHS = (
					"$(inherited)",
					"@executable_path/Frameworks",
					"@loader_path/Frameworks",
				);
				PRODUCT_BUNDLE_IDENTIFIER = Miru.trailTests;
				PRODUCT_NAME = "$(TARGET_NAME)";
				SWIFT_VERSION = 5.0;
				TARGETED_DEVICE_FAMILY = "1,2";
				TEST_HOST = "$(BUILT_PRODUCTS_DIR)/trail.app/trail";
			};
			name = Release;
		};
		84688E9F23930DD30030D0C0 /* Debug */ = {
			isa = XCBuildConfiguration;
			buildSettings = {
				ALWAYS_EMBED_SWIFT_STANDARD_LIBRARIES = YES;
				CODE_SIGN_STYLE = Automatic;
				INFOPLIST_FILE = trailUITests/Info.plist;
				LD_RUNPATH_SEARCH_PATHS = (
					"$(inherited)",
					"@executable_path/Frameworks",
					"@loader_path/Frameworks",
				);
				PRODUCT_BUNDLE_IDENTIFIER = Miru.trailUITests;
				PRODUCT_NAME = "$(TARGET_NAME)";
				SWIFT_VERSION = 5.0;
				TARGETED_DEVICE_FAMILY = "1,2";
				TEST_TARGET_NAME = trail;
			};
			name = Debug;
		};
		84688EA023930DD30030D0C0 /* Release */ = {
			isa = XCBuildConfiguration;
			buildSettings = {
				ALWAYS_EMBED_SWIFT_STANDARD_LIBRARIES = YES;
				CODE_SIGN_STYLE = Automatic;
				INFOPLIST_FILE = trailUITests/Info.plist;
				LD_RUNPATH_SEARCH_PATHS = (
					"$(inherited)",
					"@executable_path/Frameworks",
					"@loader_path/Frameworks",
				);
				PRODUCT_BUNDLE_IDENTIFIER = Miru.trailUITests;
				PRODUCT_NAME = "$(TARGET_NAME)";
				SWIFT_VERSION = 5.0;
				TARGETED_DEVICE_FAMILY = "1,2";
				TEST_TARGET_NAME = trail;
			};
			name = Release;
		};
/* End XCBuildConfiguration section */

/* Begin XCConfigurationList section */
		84688E6923930DD10030D0C0 /* Build configuration list for PBXProject "trail" */ = {
			isa = XCConfigurationList;
			buildConfigurations = (
				84688E9623930DD30030D0C0 /* Debug */,
				84688E9723930DD30030D0C0 /* Release */,
			);
			defaultConfigurationIsVisible = 0;
			defaultConfigurationName = Release;
		};
		84688E9823930DD30030D0C0 /* Build configuration list for PBXNativeTarget "trail" */ = {
			isa = XCConfigurationList;
			buildConfigurations = (
				84688E9923930DD30030D0C0 /* Debug */,
				84688E9A23930DD30030D0C0 /* Release */,
			);
			defaultConfigurationIsVisible = 0;
			defaultConfigurationName = Release;
		};
		84688E9B23930DD30030D0C0 /* Build configuration list for PBXNativeTarget "trailTests" */ = {
			isa = XCConfigurationList;
			buildConfigurations = (
				84688E9C23930DD30030D0C0 /* Debug */,
				84688E9D23930DD30030D0C0 /* Release */,
			);
			defaultConfigurationIsVisible = 0;
			defaultConfigurationName = Release;
		};
		84688E9E23930DD30030D0C0 /* Build configuration list for PBXNativeTarget "trailUITests" */ = {
			isa = XCConfigurationList;
			buildConfigurations = (
				84688E9F23930DD30030D0C0 /* Debug */,
				84688EA023930DD30030D0C0 /* Release */,
			);
			defaultConfigurationIsVisible = 0;
			defaultConfigurationName = Release;
		};
/* End XCConfigurationList section */
	};
	rootObject = 84688E6623930DD10030D0C0 /* Project object */;
}
